
Microsoft Visual Studio Solution File, Format Version 12.00
# Visual Studio 15
Project("{FAE04EC0-301F-11D3-BF4B-00C04F79EFBC}") = "Boxophobic.PolyverseSkies.Runtime", "Boxophobic.PolyverseSkies.Runtime.csproj", "{CE7E6BC0-FAE6-CFA6-FF7C-A169DC3F42D4}"
EndProject
Project("{FAE04EC0-301F-11D3-BF4B-00C04F79EFBC}") = "Assembly-CSharp", "Assembly-CSharp.csproj", "{053AE9D7-71A7-1CFF-E60B-A18D88C722A5}"
EndProject
Project("{FAE04EC0-301F-11D3-BF4B-00C04F79EFBC}") = "Boxophobic.Utils.Scripts", "Boxophobic.Utils.Scripts.csproj", "{1ED1774E-7100-9548-64E6-F23F93BCEA63}"
EndProject
Project("{FAE04EC0-301F-11D3-BF4B-00C04F79EFBC}") = "Boxophobic.PolyverseSkies.Scripts", "Boxophobic.PolyverseSkies.Scripts.csproj", "{C0546331-5ECC-DBCA-B4FB-8967CFADA466}"
EndProject
Project("{FAE04EC0-301F-11D3-BF4B-00C04F79EFBC}") = "Boxophobic.Utils.Editor", "Boxophobic.Utils.Editor.csproj", "{FEA43EB6-A620-EDC0-1CFD-EAFEBB50EBAB}"
EndProject
Project("{FAE04EC0-301F-11D3-BF4B-00C04F79EFBC}") = "Boxophobic.PolyverseSkies.Editor", "Boxophobic.PolyverseSkies.Editor.csproj", "{3C8DD959-67D8-8AA2-E33B-09890441E634}"
EndProject
Project("{FAE04EC0-301F-11D3-BF4B-00C04F79EFBC}") = "Assembly-CSharp-Editor", "Assembly-CSharp-Editor.csproj", "{4AE41BAA-4778-4B8B-7747-4100612AADEE}"
EndProject
Global
	GlobalSection(SolutionConfigurationPlatforms) = preSolution
		Debug|Any CPU = Debug|Any CPU
		Release|Any CPU = Release|Any CPU
	EndGlobalSection
	GlobalSection(ProjectConfigurationPlatforms) = postSolution
		{CE7E6BC0-FAE6-CFA6-FF7C-A169DC3F42D4}.Debug|Any CPU.ActiveCfg = Debug|Any CPU
		{CE7E6BC0-FAE6-CFA6-FF7C-A169DC3F42D4}.Debug|Any CPU.Build.0 = Debug|Any CPU
		{CE7E6BC0-FAE6-CFA6-FF7C-A169DC3F42D4}.Release|Any CPU.ActiveCfg = Release|Any CPU
		{CE7E6BC0-FAE6-CFA6-FF7C-A169DC3F42D4}.Release|Any CPU.Build.0 = Release|Any CPU
		{053AE9D7-71A7-1CFF-E60B-A18D88C722A5}.Debug|Any CPU.ActiveCfg = Debug|Any CPU
		{053AE9D7-71A7-1CFF-E60B-A18D88C722A5}.Debug|Any CPU.Build.0 = Debug|Any CPU
		{053AE9D7-71A7-1CFF-E60B-A18D88C722A5}.Release|Any CPU.ActiveCfg = Release|Any CPU
		{053AE9D7-71A7-1CFF-E60B-A18D88C722A5}.Release|Any CPU.Build.0 = Release|Any CPU
		{1ED1774E-7100-9548-64E6-F23F93BCEA63}.Debug|Any CPU.ActiveCfg = Debug|Any CPU
		{1ED1774E-7100-9548-64E6-F23F93BCEA63}.Debug|Any CPU.Build.0 = Debug|Any CPU
		{1ED1774E-7100-9548-64E6-F23F93BCEA63}.Release|Any CPU.ActiveCfg = Release|Any CPU
		{1ED1774E-7100-9548-64E6-F23F93BCEA63}.Release|Any CPU.Build.0 = Release|Any CPU
		{C0546331-5ECC-DBCA-B4FB-8967CFADA466}.Debug|Any CPU.ActiveCfg = Debug|Any CPU
		{C0546331-5ECC-DBCA-B4FB-8967CFADA466}.Debug|Any CPU.Build.0 = Debug|Any CPU
		{C0546331-5ECC-DBCA-B4FB-8967CFADA466}.Release|Any CPU.ActiveCfg = Release|Any CPU
		{C0546331-5ECC-DBCA-B4FB-8967CFADA466}.Release|Any CPU.Build.0 = Release|Any CPU
		{FEA43EB6-A620-EDC0-1CFD-EAFEBB50EBAB}.Debug|Any CPU.ActiveCfg = Debug|Any CPU
		{FEA43EB6-A620-EDC0-1CFD-EAFEBB50EBAB}.Debug|Any CPU.Build.0 = Debug|Any CPU
		{FEA43EB6-A620-EDC0-1CFD-EAFEBB50EBAB}.Release|Any CPU.ActiveCfg = Release|Any CPU
		{FEA43EB6-A620-EDC0-1CFD-EAFEBB50EBAB}.Release|Any CPU.Build.0 = Release|Any CPU
		{3C8DD959-67D8-8AA2-E33B-09890441E634}.Debug|Any CPU.ActiveCfg = Debug|Any CPU
		{3C8DD959-67D8-8AA2-E33B-09890441E634}.Debug|Any CPU.Build.0 = Debug|Any CPU
		{3C8DD959-67D8-8AA2-E33B-09890441E634}.Release|Any CPU.ActiveCfg = Release|Any CPU
		{3C8DD959-67D8-8AA2-E33B-09890441E634}.Release|Any CPU.Build.0 = Release|Any CPU
		{4AE41BAA-4778-4B8B-7747-4100612AADEE}.Debug|Any CPU.ActiveCfg = Debug|Any CPU
		{4AE41BAA-4778-4B8B-7747-4100612AADEE}.Debug|Any CPU.Build.0 = Debug|Any CPU
		{4AE41BAA-4778-4B8B-7747-4100612AADEE}.Release|Any CPU.ActiveCfg = Release|Any CPU
		{4AE41BAA-4778-4B8B-7747-4100612AADEE}.Release|Any CPU.Build.0 = Release|Any CPU
	EndGlobalSection
	GlobalSection(SolutionProperties) = preSolution
		HideSolutionNode = FALSE
	EndGlobalSection
EndGlobal
